<?xml version="1.0" encoding="utf-8"?>
<Project ToolsVersion="4.0" xmlns="http://schemas.microsoft.com/developer/msbuild/2003">
  <ItemGroup>
    <Filter Include="Source Files">
      <UniqueIdentifier>{4FC737F1-C7A5-4376-A066-2A32D752A2FF}</UniqueIdentifier>
      <Extensions>cpp;cxx;c;def</Extensions>
    </Filter>
    <Filter Include="Header Files">
      <UniqueIdentifier>{93995380-89BD-4b04-88EB-625FBE52EBFB}</UniqueIdentifier>
      <Extensions>h</Extensions>
    </Filter>
    <Filter Include="Form Files">
      <UniqueIdentifier>{99349809-55BA-4b9d-BF79-8FDBB0286EB3}</UniqueIdentifier>
      <Extensions>ui</Extensions>
    </Filter>
    <Filter Include="Resource Files">
      <UniqueIdentifier>{D9D6E242-F8AF-46E4-B9FD-80ECBC20BA3E}</UniqueIdentifier>
      <Extensions>qrc;*</Extensions>
      <ParseFiles>false</ParseFiles>
    </Filter>
    <Filter Include="Generated Files">
      <UniqueIdentifier>{71ED8ED8-ACB9-4CE9-BBE1-E00B30144E11}</UniqueIdentifier>
      <Extensions>moc;h;cpp</Extensions>
      <SourceControlFiles>False</SourceControlFiles>
    </Filter>
    <Filter Include="Generated Files\Debug">
      <UniqueIdentifier>{977b3dc0-f4b2-4af5-b475-4e9a83367450}</UniqueIdentifier>
      <Extensions>cpp;moc</Extensions>
      <SourceControlFiles>False</SourceControlFiles>
    </Filter>
    <Filter Include="Generated Files\Release">
      <UniqueIdentifier>{9ea7190a-ee07-4ebd-adde-d016bf0a1039}</UniqueIdentifier>
      <Extensions>cpp;moc</Extensions>
      <SourceControlFiles>False</SourceControlFiles>
    </Filter>
    <Filter Include="Translation Files">
      <UniqueIdentifier>{639EADAA-A684-42e4-A9AD-28FC9BCB8F7C}</UniqueIdentifier>
      <Extensions>ts</Extensions>
      <ParseFiles>false</ParseFiles>
    </Filter>
  </ItemGroup>
  <ItemGroup>
    <ClCompile Include="main.cpp">
      <Filter>Source Files</Filter>
    </ClCompile>
    <ClCompile Include="GUI\mainwindow.cpp">
      <Filter>Source Files</Filter>
    </ClCompile>
    <ClCompile Include="GeneratedFiles\Debug\moc_mainwindow.cpp">
      <Filter>Generated Files\Debug</Filter>
    </ClCompile>
    <ClCompile Include="GeneratedFiles\Release\moc_mainwindow.cpp">
      <Filter>Generated Files\Release</Filter>
    </ClCompile>
    <ClCompile Include="GUI\motiondetectionwidget.cpp">
      <Filter>Source Files</Filter>
    </ClCompile>
    <ClCompile Include="GeneratedFiles\Debug\moc_motiondetectionwidget.cpp">
      <Filter>Generated Files\Debug</Filter>
    </ClCompile>
    <ClCompile Include="GeneratedFiles\Release\moc_motiondetectionwidget.cpp">
      <Filter>Generated Files\Release</Filter>
    </ClCompile>
    <ClCompile Include="GUI\targetlocationwidget.cpp">
      <Filter>Source Files</Filter>
    </ClCompile>
    <ClCompile Include="GeneratedFiles\Debug\moc_targetlocationwidget.cpp">
      <Filter>Generated Files\Debug</Filter>
    </ClCompile>
    <ClCompile Include="GeneratedFiles\Release\moc_targetlocationwidget.cpp">
      <Filter>Generated Files\Release</Filter>
    </ClCompile>
    <ClCompile Include="GUI\targetrecognitionwidget.cpp">
      <Filter>Source Files</Filter>
    </ClCompile>
    <ClCompile Include="GeneratedFiles\Debug\moc_targetrecognitionwidget.cpp">
      <Filter>Generated Files\Debug</Filter>
    </ClCompile>
    <ClCompile Include="GeneratedFiles\Release\moc_targetrecognitionwidget.cpp">
      <Filter>Generated Files\Release</Filter>
    </ClCompile>
    <ClCompile Include="GUI\targettrackingwidget.cpp">
      <Filter>Source Files</Filter>
    </ClCompile>
    <ClCompile Include="GeneratedFiles\Debug\moc_targettrackingwidget.cpp">
      <Filter>Generated Files\Debug</Filter>
    </ClCompile>
    <ClCompile Include="GeneratedFiles\Release\moc_targettrackingwidget.cpp">
      <Filter>Generated Files\Release</Filter>
    </ClCompile>
    <ClCompile Include="GeneratedFiles\qrc_mainwindow.cpp">
      <Filter>Generated Files</Filter>
    </ClCompile>
    <ClCompile Include="ShowLabel\qshowlabel.cpp">
      <Filter>Source Files</Filter>
    </ClCompile>
    <ClCompile Include="GeneratedFiles\Debug\moc_qshowlabel.cpp">
      <Filter>Generated Files\Debug</Filter>
    </ClCompile>
    <ClCompile Include="GeneratedFiles\Release\moc_qshowlabel.cpp">
      <Filter>Generated Files\Release</Filter>
    </ClCompile>
    <ClCompile Include="Tracker\Hash\MyHash.cpp">
      <Filter>Source Files</Filter>
    </ClCompile>
    <ClCompile Include="Tracker\KCF\fhog.cpp">
      <Filter>Source Files</Filter>
    </ClCompile>
    <ClCompile Include="Tracker\KCF\kcftracker.cpp">
      <Filter>Source Files</Filter>
    </ClCompile>
    <ClCompile Include="Tracker\KCF\MyKCFTracker.cpp">
      <Filter>Source Files</Filter>
    </ClCompile>
    <ClCompile Include="Tracker\PF\condens.cpp">
      <Filter>Source Files</Filter>
    </ClCompile>
    <ClCompile Include="Tracker\PF\filter.cpp">
      <Filter>Source Files</Filter>
    </ClCompile>
    <ClCompile Include="Tracker\PF\hist.cpp">
      <Filter>Source Files</Filter>
    </ClCompile>
    <ClCompile Include="Tracker\PF\lbp.cpp">
      <Filter>Source Files</Filter>
    </ClCompile>
    <ClCompile Include="Tracker\PF\MyParticleFilter.cpp">
      <Filter>Source Files</Filter>
    </ClCompile>
    <ClCompile Include="Tracker\PF\selector.cpp">
      <Filter>Source Files</Filter>
    </ClCompile>
    <ClCompile Include="Tracker\PF\TimeOfDay.cpp">
      <Filter>Source Files</Filter>
    </ClCompile>
    <ClCompile Include="Tracker\STCTracker\mySTCTracker.cpp">
      <Filter>Source Files</Filter>
    </ClCompile>
    <ClCompile Include="Tracker\STRUCK\GraphUtils\GraphUtils.cpp">
      <Filter>Source Files</Filter>
    </ClCompile>
    <ClCompile Include="Tracker\STRUCK\Config.cpp">
      <Filter>Source Files</Filter>
    </ClCompile>
    <ClCompile Include="Tracker\STRUCK\Features.cpp">
      <Filter>Source Files</Filter>
    </ClCompile>
    <ClCompile Include="Tracker\STRUCK\HaarFeature.cpp">
      <Filter>Source Files</Filter>
    </ClCompile>
    <ClCompile Include="Tracker\STRUCK\HaarFeatures.cpp">
      <Filter>Source Files</Filter>
    </ClCompile>
    <ClCompile Include="Tracker\STRUCK\HistogramFeatures.cpp">
      <Filter>Source Files</Filter>
    </ClCompile>
    <ClCompile Include="Tracker\STRUCK\ImageRep.cpp">
      <Filter>Source Files</Filter>
    </ClCompile>
    <ClCompile Include="Tracker\STRUCK\LaRank.cpp">
      <Filter>Source Files</Filter>
    </ClCompile>
    <ClCompile Include="Tracker\STRUCK\MultiFeatures.cpp">
      <Filter>Source Files</Filter>
    </ClCompile>
    <ClCompile Include="Tracker\STRUCK\myStruck.cpp">
      <Filter>Source Files</Filter>
    </ClCompile>
    <ClCompile Include="Tracker\STRUCK\RawFeatures.cpp">
      <Filter>Source Files</Filter>
    </ClCompile>
    <ClCompile Include="Tracker\STRUCK\Sampler.cpp">
      <Filter>Source Files</Filter>
    </ClCompile>
    <ClCompile Include="Tracker\STRUCK\Tracker.cpp">
      <Filter>Source Files</Filter>
    </ClCompile>
    <ClCompile Include="Tracker\MyTracker.cpp">
      <Filter>Source Files</Filter>
    </ClCompile>
    <ClCompile Include="Trajectory\TrajectoryManager.cpp">
      <Filter>Source Files</Filter>
    </ClCompile>
    <ClCompile Include="VideoProcessor\QVideoProcessor.cpp">
      <Filter>Source Files</Filter>
    </ClCompile>
    <ClCompile Include="GeneratedFiles\Debug\moc_qvideoprocessor.cpp">
      <Filter>Generated Files\Debug</Filter>
    </ClCompile>
    <ClCompile Include="GeneratedFiles\Release\moc_qvideoprocessor.cpp">
      <Filter>Generated Files\Release</Filter>
    </ClCompile>
    <ClCompile Include="VideoProcessor\VideoProcessor.cpp">
      <Filter>Source Files</Filter>
    </ClCompile>
    <ClCompile Include="Mat2QImage\Mat2QImage.cpp">
      <Filter>Source Files</Filter>
    </ClCompile>
    <ClCompile Include="MotionDetection\FrameCalibration.cpp">
      <Filter>Source Files</Filter>
    </ClCompile>
    <ClCompile Include="MotionDetection\FramePreprocess.cpp">
      <Filter>Source Files</Filter>
    </ClCompile>
    <ClCompile Include="MotionDetection\MotionDetect.cpp">
      <Filter>Source Files</Filter>
    </ClCompile>
    <ClCompile Include="MotionDetection\MyMD.cpp">
      <Filter>Source Files</Filter>
    </ClCompile>
    <ClCompile Include="myUAVMonoVO\GetTargetPosition.cpp">
      <Filter>Source Files</Filter>
    </ClCompile>
    <ClCompile Include="myUAVMonoVO\GetUAVPose.cpp">
      <Filter>Source Files</Filter>
    </ClCompile>
    <ClCompile Include="myUAVMonoVO\MyUavVO.cpp">
      <Filter>Source Files</Filter>
    </ClCompile>
    <ClCompile Include="myUAVMonoVO\VisionLocalization.cpp">
      <Filter>Source Files</Filter>
    </ClCompile>
    <ClCompile Include="process\MonoLocationProcessor.cpp">
      <Filter>Source Files</Filter>
    </ClCompile>
    <ClCompile Include="process\MotionDetectionProcessor.cpp">
      <Filter>Source Files</Filter>
    </ClCompile>
    <ClCompile Include="process\TargetRecongnitionProcessor.cpp">
      <Filter>Source Files</Filter>
    </ClCompile>
    <ClCompile Include="process\trackProcessor.cpp">
      <Filter>Source Files</Filter>
    </ClCompile>
    <ClCompile Include="MapView\QMapView.cpp">
      <Filter>Source Files</Filter>
    </ClCompile>
    <ClCompile Include="GeneratedFiles\Debug\moc_QMapView.cpp">
      <Filter>Generated Files\Debug</Filter>
    </ClCompile>
    <ClCompile Include="GeneratedFiles\Release\moc_QMapView.cpp">
      <Filter>Generated Files\Release</Filter>
    </ClCompile>
    <ClCompile Include="GeneratedFiles\Debug\moc_multitrackingwidget.cpp">
      <Filter>Generated Files\Debug</Filter>
    </ClCompile>
    <ClCompile Include="GeneratedFiles\Release\moc_multitrackingwidget.cpp">
      <Filter>Generated Files\Release</Filter>
    </ClCompile>
    <ClCompile Include="GUI\multitrackingwidget.cpp">
      <Filter>Source Files</Filter>
    </ClCompile>
    <ClCompile Include="process\MultiTrackingProcessor.cpp">
      <Filter>Source Files</Filter>
    </ClCompile>
    <ClCompile Include="DA\DataAssociation.cpp">
      <Filter>Source Files</Filter>
    </ClCompile>
    <ClCompile Include="DA\HungarianAlg.cpp">
      <Filter>Source Files</Filter>
    </ClCompile>
    <ClCompile Include="DA\Kalman.cpp">
      <Filter>Source Files</Filter>
    </ClCompile>
    <ClCompile Include="MultiTargetTracker\MultiTargetTracker.cpp">
      <Filter>Source Files</Filter>
    </ClCompile>
    <ClCompile Include="GeneratedFiles\Debug\moc_cooplocationwidget.cpp">
      <Filter>Generated Files\Debug</Filter>
    </ClCompile>
    <ClCompile Include="GeneratedFiles\Release\moc_cooplocationwidget.cpp">
      <Filter>Generated Files\Release</Filter>
    </ClCompile>
    <ClCompile Include="GUI\cooplocationwidget.cpp">
      <Filter>Source Files</Filter>
    </ClCompile>
    <ClCompile Include="CooperativeLocation\CooperativeLocalization.cpp">
      <Filter>Source Files</Filter>
    </ClCompile>
    <ClCompile Include="process\CoopLocatoinProcessor.cpp">
      <Filter>Source Files</Filter>
    </ClCompile>
    <ClCompile Include="GeneratedFiles\Debug\moc_CoopLocatoinProcessor.cpp">
      <Filter>Generated Files\Debug</Filter>
    </ClCompile>
    <ClCompile Include="GeneratedFiles\Release\moc_CoopLocatoinProcessor.cpp">
      <Filter>Generated Files\Release</Filter>
    </ClCompile>
    <ClCompile Include="GUI\multilocationwidget.cpp">
      <Filter>Source Files</Filter>
    </ClCompile>
    <ClCompile Include="GeneratedFiles\Debug\moc_multilocationwidget.cpp">
      <Filter>Generated Files\Debug</Filter>
    </ClCompile>
    <ClCompile Include="GeneratedFiles\Release\moc_multilocationwidget.cpp">
      <Filter>Generated Files\Release</Filter>
    </ClCompile>
    <ClCompile Include="process\MultiLocationProcessor.cpp">
      <Filter>Source Files</Filter>
    </ClCompile>
    <ClCompile Include="GUI\CDrawRectWnd.cpp">
      <Filter>Source Files</Filter>
    </ClCompile>
    <ClCompile Include="GeneratedFiles\Debug\moc_CDrawRectWnd.cpp">
      <Filter>Generated Files\Debug</Filter>
    </ClCompile>
    <ClCompile Include="GeneratedFiles\Release\moc_CDrawRectWnd.cpp">
      <Filter>Generated Files\Release</Filter>
    </ClCompile>
    <ClCompile Include="GUI\CParamWidget.cpp">
      <Filter>Source Files</Filter>
    </ClCompile>
    <ClCompile Include="GeneratedFiles\Debug\moc_CParamWidget.cpp">
      <Filter>Generated Files\Debug</Filter>
    </ClCompile>
    <ClCompile Include="GeneratedFiles\Release\moc_CParamWidget.cpp">
      <Filter>Generated Files\Release</Filter>
    </ClCompile>
    <ClCompile Include="Detector\CMyDetector.cpp">
      <Filter>Source Files</Filter>
    </ClCompile>
    <ClCompile Include="Tracker\CT\CompressiveTracker.cpp">
      <Filter>Source Files</Filter>
    </ClCompile>
  </ItemGroup>
  <ItemGroup>
    <CustomBuild Include="GUI\mainwindow.h">
      <Filter>Header Files</Filter>
    </CustomBuild>
    <CustomBuild Include="GUI\motiondetectionwidget.h">
      <Filter>Header Files</Filter>
    </CustomBuild>
    <CustomBuild Include="GUI\targetlocationwidget.h">
      <Filter>Header Files</Filter>
    </CustomBuild>
    <CustomBuild Include="GUI\targetrecognitionwidget.h">
      <Filter>Header Files</Filter>
    </CustomBuild>
    <CustomBuild Include="GUI\targettrackingwidget.h">
      <Filter>Header Files</Filter>
    </CustomBuild>
    <CustomBuild Include="GUI\drawrectwnd.ui">
      <Filter>Form Files</Filter>
    </CustomBuild>
    <CustomBuild Include="GUI\mainwindow.qrc">
      <Filter>Resource Files</Filter>
    </CustomBuild>
    <CustomBuild Include="GUI\mainwindow.ui">
      <Filter>Form Files</Filter>
    </CustomBuild>
    <CustomBuild Include="GUI\motiondetectionwidget.ui">
      <Filter>Form Files</Filter>
    </CustomBuild>
    <CustomBuild Include="GUI\paramwidget.ui">
      <Filter>Form Files</Filter>
    </CustomBuild>
    <CustomBuild Include="GUI\targetlocationwidget.ui">
      <Filter>Form Files</Filter>
    </CustomBuild>
    <CustomBuild Include="GUI\targetrecognitionwidget.ui">
      <Filter>Form Files</Filter>
    </CustomBuild>
    <CustomBuild Include="GUI\targettrackingwidget.ui">
      <Filter>Form Files</Filter>
    </CustomBuild>
    <CustomBuild Include="showlabel\qshowlabel.h">
      <Filter>Header Files</Filter>
    </CustomBuild>
    <CustomBuild Include="videoprocessor\qvideoprocessor.h">
      <Filter>Header Files</Filter>
    </CustomBuild>
    <CustomBuild Include="MapView\QMapView.h">
      <Filter>Header Files</Filter>
    </CustomBuild>
    <CustomBuild Include="GUI\multitrackingwidget.h">
      <Filter>Header Files</Filter>
    </CustomBuild>
    <CustomBuild Include="GUI\multitrackingwidget.ui">
      <Filter>Form Files</Filter>
    </CustomBuild>
    <CustomBuild Include="GUI\cooplocationwidget.h">
      <Filter>Header Files</Filter>
    </CustomBuild>
    <CustomBuild Include="GUI\cooplocationwidget.ui">
      <Filter>Form Files</Filter>
    </CustomBuild>
    <CustomBuild Include="process\CoopLocatoinProcessor.h">
      <Filter>Header Files</Filter>
    </CustomBuild>
    <CustomBuild Include="GUI\multilocationwidget.h">
      <Filter>Header Files</Filter>
    </CustomBuild>
    <CustomBuild Include="GUI\multilocationwidget.ui">
      <Filter>Form Files</Filter>
    </CustomBuild>
    <CustomBuild Include="GUI\CDrawRectWnd.h">
      <Filter>Header Files</Filter>
    </CustomBuild>
    <CustomBuild Include="GUI\CParamWidget.h">
      <Filter>Header Files</Filter>
    </CustomBuild>
  </ItemGroup>
  <ItemGroup>
    <ClInclude Include="GeneratedFiles\ui_drawrectwnd.h">
      <Filter>Generated Files</Filter>
    </ClInclude>
    <ClInclude Include="GeneratedFiles\ui_mainwindow.h">
      <Filter>Generated Files</Filter>
    </ClInclude>
    <ClInclude Include="GeneratedFiles\ui_motiondetectionwidget.h">
      <Filter>Generated Files</Filter>
    </ClInclude>
    <ClInclude Include="GeneratedFiles\ui_paramwidget.h">
      <Filter>Generated Files</Filter>
    </ClInclude>
    <ClInclude Include="GeneratedFiles\ui_targetlocationwidget.h">
      <Filter>Generated Files</Filter>
    </ClInclude>
    <ClInclude Include="GeneratedFiles\ui_targetrecognitionwidget.h">
      <Filter>Generated Files</Filter>
    </ClInclude>
    <ClInclude Include="GeneratedFiles\ui_targettrackingwidget.h">
      <Filter>Generated Files</Filter>
    </ClInclude>
    <ClInclude Include="tracker\hash\myhash.h">
      <Filter>Header Files</Filter>
    </ClInclude>
    <ClInclude Include="Tracker\KCF\dirent.h">
      <Filter>Header Files</Filter>
    </ClInclude>
    <ClInclude Include="Tracker\KCF\ffttools.hpp">
      <Filter>Header Files</Filter>
    </ClInclude>
    <ClInclude Include="Tracker\KCF\fhog.hpp">
      <Filter>Header Files</Filter>
    </ClInclude>
    <ClInclude Include="tracker\kcf\kcftracker.hpp">
      <Filter>Header Files</Filter>
    </ClInclude>
    <ClInclude Include="Tracker\KCF\labdata.hpp">
      <Filter>Header Files</Filter>
    </ClInclude>
    <ClInclude Include="tracker\kcf\mykcftracker.h">
      <Filter>Header Files</Filter>
    </ClInclude>
    <ClInclude Include="Tracker\KCF\recttools.hpp">
      <Filter>Header Files</Filter>
    </ClInclude>
    <ClInclude Include="tracker\kcf\tracker.h">
      <Filter>Header Files</Filter>
    </ClInclude>
    <ClInclude Include="tracker\pf\condens.h">
      <Filter>Header Files</Filter>
    </ClInclude>
    <ClInclude Include="tracker\pf\filter.h">
      <Filter>Header Files</Filter>
    </ClInclude>
    <ClInclude Include="tracker\pf\hist.h">
      <Filter>Header Files</Filter>
    </ClInclude>
    <ClInclude Include="tracker\pf\lbp.h">
      <Filter>Header Files</Filter>
    </ClInclude>
    <ClInclude Include="tracker\pf\myparticlefilter.h">
      <Filter>Header Files</Filter>
    </ClInclude>
    <ClInclude Include="tracker\pf\selector.h">
      <Filter>Header Files</Filter>
    </ClInclude>
    <ClInclude Include="Tracker\PF\TimeOfDay.h">
      <Filter>Header Files</Filter>
    </ClInclude>
    <ClInclude Include="Tracker\PF\unistd.h">
      <Filter>Header Files</Filter>
    </ClInclude>
    <ClInclude Include="tracker\stctracker\mystctracker.h">
      <Filter>Header Files</Filter>
    </ClInclude>
    <ClInclude Include="Tracker\STRUCK\GraphUtils\GraphUtils.h">
      <Filter>Header Files</Filter>
    </ClInclude>
    <ClInclude Include="tracker\struck\config.h">
      <Filter>Header Files</Filter>
    </ClInclude>
    <ClInclude Include="Tracker\STRUCK\Features.h">
      <Filter>Header Files</Filter>
    </ClInclude>
    <ClInclude Include="Tracker\STRUCK\HaarFeature.h">
      <Filter>Header Files</Filter>
    </ClInclude>
    <ClInclude Include="Tracker\STRUCK\HaarFeatures.h">
      <Filter>Header Files</Filter>
    </ClInclude>
    <ClInclude Include="Tracker\STRUCK\HistogramFeatures.h">
      <Filter>Header Files</Filter>
    </ClInclude>
    <ClInclude Include="Tracker\STRUCK\ImageRep.h">
      <Filter>Header Files</Filter>
    </ClInclude>
    <ClInclude Include="Tracker\STRUCK\Kernels.h">
      <Filter>Header Files</Filter>
    </ClInclude>
    <ClInclude Include="Tracker\STRUCK\LaRank.h">
      <Filter>Header Files</Filter>
    </ClInclude>
    <ClInclude Include="Tracker\STRUCK\MultiFeatures.h">
      <Filter>Header Files</Filter>
    </ClInclude>
    <ClInclude Include="tracker\struck\mystruck.h">
      <Filter>Header Files</Filter>
    </ClInclude>
    <ClInclude Include="Tracker\STRUCK\RawFeatures.h">
      <Filter>Header Files</Filter>
    </ClInclude>
    <ClInclude Include="tracker\struck\rect_s.h">
      <Filter>Header Files</Filter>
    </ClInclude>
    <ClInclude Include="Tracker\STRUCK\Sample.h">
      <Filter>Header Files</Filter>
    </ClInclude>
    <ClInclude Include="Tracker\STRUCK\Sampler.h">
      <Filter>Header Files</Filter>
    </ClInclude>
    <ClInclude Include="tracker\struck\tracker.h">
      <Filter>Header Files</Filter>
    </ClInclude>
    <ClInclude Include="tracker\mytracker.h">
      <Filter>Header Files</Filter>
    </ClInclude>
    <ClInclude Include="Trajectory\TrajectoryManager.h">
      <Filter>Header Files</Filter>
    </ClInclude>
    <ClInclude Include="videoprocessor\videoprocessor.h">
      <Filter>Header Files</Filter>
    </ClInclude>
    <ClInclude Include="mat2qimage\mat2qimage.h">
      <Filter>Header Files</Filter>
    </ClInclude>
    <ClInclude Include="MotionDetection\CMHI_d.h">
      <Filter>Header Files</Filter>
    </ClInclude>
    <ClInclude Include="motiondetection\framecalibration.h">
      <Filter>Header Files</Filter>
    </ClInclude>
    <ClInclude Include="motiondetection\framepreprocess.h">
      <Filter>Header Files</Filter>
    </ClInclude>
    <ClInclude Include="motiondetection\motiondetect.h">
      <Filter>Header Files</Filter>
    </ClInclude>
    <ClInclude Include="motiondetection\mymd.h">
      <Filter>Header Files</Filter>
    </ClInclude>
    <ClInclude Include="motiondetection\timer.h">
      <Filter>Header Files</Filter>
    </ClInclude>
    <ClInclude Include="myUAVMonoVO\GetTargetPosition.h">
      <Filter>Header Files</Filter>
    </ClInclude>
    <ClInclude Include="myUAVMonoVO\GetUAVPose.h">
      <Filter>Header Files</Filter>
    </ClInclude>
    <ClInclude Include="myUAVMonoVO\MyUavVO.h">
      <Filter>Header Files</Filter>
    </ClInclude>
    <ClInclude Include="myUAVMonoVO\VisionLocalization.h">
      <Filter>Header Files</Filter>
    </ClInclude>
    <ClInclude Include="process\monolocationprocessor.h">
      <Filter>Header Files</Filter>
    </ClInclude>
    <ClInclude Include="process\motiondetectionprocessor.h">
      <Filter>Header Files</Filter>
    </ClInclude>
    <ClInclude Include="process\targetrecongnitionprocessor.h">
      <Filter>Header Files</Filter>
    </ClInclude>
    <ClInclude Include="process\trackprocessor.h">
      <Filter>Header Files</Filter>
    </ClInclude>
    <ClInclude Include="GeneratedFiles\ui_multitrackingwidget.h">
      <Filter>Generated Files</Filter>
    </ClInclude>
    <ClInclude Include="process\MultiTrackingProcessor.h">
      <Filter>Header Files</Filter>
    </ClInclude>
    <ClInclude Include="DA\DataAssociation.h">
      <Filter>Header Files</Filter>
    </ClInclude>
    <ClInclude Include="DA\HungarianAlg.h">
      <Filter>Header Files</Filter>
    </ClInclude>
    <ClInclude Include="DA\Kalman.h">
      <Filter>Header Files</Filter>
    </ClInclude>
    <ClInclude Include="MultiTargetTracker\MultiTargetTracker.h">
      <Filter>Header Files</Filter>
    </ClInclude>
    <ClInclude Include="GeneratedFiles\ui_cooplocationwidget.h">
      <Filter>Generated Files</Filter>
    </ClInclude>
    <ClInclude Include="CooperativeLocation\CooperativeLocalization.h">
      <Filter>Header Files</Filter>
    </ClInclude>
    <ClInclude Include="GeneratedFiles\ui_multilocationwidget.h">
      <Filter>Generated Files</Filter>
    </ClInclude>
    <ClInclude Include="process\MultiLocationProcessor.h">
      <Filter>Header Files</Filter>
    </ClInclude>
    <ClInclude Include="Counter\TickCount.h">
      <Filter>Header Files</Filter>
    </ClInclude>
    <ClInclude Include="Detector\CMyDetector.h">
      <Filter>Header Files</Filter>
    </ClInclude>
    <ClInclude Include="Tracker\CT\compressivetracker.h">
      <Filter>Header Files</Filter>
    </ClInclude>
  </ItemGroup>
  <ItemGroup>
    <None Include="Language\simplified_zh.qm" />
    <None Include="Language\simplified_zh.ts">
      <Filter>Translation Files</Filter>
    </None>
  </ItemGroup>
</Project>